
Microsoft Visual Studio Solution File, Format Version 12.00
# Visual Studio Version 17
VisualStudioVersion = 17.11.35431.28
MinimumVisualStudioVersion = 10.0.40219.1
Project("{FAE04EC0-301F-11D3-BF4B-00C04F79EFBC}") = "Technoservice", "Technoservice\Technoservice.csproj", "{78895CF8-794E-4D20-A043-6D8129E42B1D}"
EndProject
Global
	GlobalSection(SolutionConfigurationPlatforms) = preSolution
		Debug|Any CPU = Debug|Any CPU
		Release|Any CPU = Release|Any CPU
	EndGlobalSection
	GlobalSection(ProjectConfigurationPlatforms) = postSolution
		{78895CF8-794E-4D20-A043-6D8129E42B1D}.Debug|Any CPU.ActiveCfg = Debug|Any CPU
		{78895CF8-794E-4D20-A043-6D8129E42B1D}.Debug|Any CPU.Build.0 = Debug|Any CPU
		{78895CF8-794E-4D20-A043-6D8129E42B1D}.Release|Any CPU.ActiveCfg = Release|Any CPU
		{78895CF8-794E-4D20-A043-6D8129E42B1D}.Release|Any CPU.Build.0 = Release|Any CPU
	EndGlobalSection
	GlobalSection(SolutionProperties) = preSolution
		HideSolutionNode = FALSE
	EndGlobalSection
	GlobalSection(ExtensibilityGlobals) = postSolution
		SolutionGuid = {039D91F0-DD09-4B17-B34E-ECD869E2A0BE}
	EndGlobalSection
EndGlobal
